
Microsoft Visual Studio Solution File, Format Version 12.00
# Visual Studio Version 17
VisualStudioVersion = 17.9.34701.34
MinimumVisualStudioVersion = 10.0.40219.1
Project("{FAE04EC0-301F-11D3-BF4B-00C04F79EFBC}") = "Task22", "Task22.csproj", "{241EB07B-FD7E-4779-B2A1-E324BB625BEB}"
EndProject
Global
	GlobalSection(SolutionConfigurationPlatforms) = preSolution
		Debug|Any CPU = Debug|Any CPU
		Release|Any CPU = Release|Any CPU
	EndGlobalSection
	GlobalSection(ProjectConfigurationPlatforms) = postSolution
		{241EB07B-FD7E-4779-B2A1-E324BB625BEB}.Debug|Any CPU.ActiveCfg = Debug|Any CPU
		{241EB07B-FD7E-4779-B2A1-E324BB625BEB}.Debug|Any CPU.Build.0 = Debug|Any CPU
		{241EB07B-FD7E-4779-B2A1-E324BB625BEB}.Release|Any CPU.ActiveCfg = Release|Any CPU
		{241EB07B-FD7E-4779-B2A1-E324BB625BEB}.Release|Any CPU.Build.0 = Release|Any CPU
	EndGlobalSection
	GlobalSection(SolutionProperties) = preSolution
		HideSolutionNode = FALSE
	EndGlobalSection
	GlobalSection(ExtensibilityGlobals) = postSolution
		SolutionGuid = {A5EAF095-418E-423C-AEAB-142BBEFB0981}
	EndGlobalSection
EndGlobal
